
Microsoft Visual Studio Solution File, Format Version 12.00
# Visual Studio 15
VisualStudioVersion = 15.0.27130.2010
MinimumVisualStudioVersion = 10.0.40219.1
Project("{8BC9CEB8-8B4A-11D0-8D11-00A0C91BC942}") = "AudioVisGL", "AudioVisGL\AudioVisGL.vcxproj", "{7FFEB128-86F8-4DD2-9FAB-DD7911FB56DE}"
EndProject
Global
	GlobalSection(SolutionConfigurationPlatforms) = preSolution
		Debug|x64 = Debug|x64
		Release|x64 = Release|x64
	EndGlobalSection
	GlobalSection(ProjectConfigurationPlatforms) = postSolution
		{7FFEB128-86F8-4DD2-9FAB-DD7911FB56DE}.Debug|x64.ActiveCfg = Debug|x64
		{7FFEB128-86F8-4DD2-9FAB-DD7911FB56DE}.Debug|x64.Build.0 = Debug|x64
		{7FFEB128-86F8-4DD2-9FAB-DD7911FB56DE}.Release|x64.ActiveCfg = Release|x64
		{7FFEB128-86F8-4DD2-9FAB-DD7911FB56DE}.Release|x64.Build.0 = Release|x64
	EndGlobalSection
	GlobalSection(SolutionProperties) = preSolution
		HideSolutionNode = FALSE
	EndGlobalSection
	GlobalSection(ExtensibilityGlobals) = postSolution
		SolutionGuid = {A09452C1-3790-4AE3-BCE1-8F1E397F0480}
	EndGlobalSection
EndGlobal
